{
  "name": "ArslanProject",
  "lockfileVersion": 3,
  "requires": true,
  "packages": {
    "": {
      "dependencies": {
        "dropzone": "^6.0.0-beta.2",
        "file-icon-vectors": "^1.0.0",
        "summernote-file": "^0.0.3",
        "treeselectjs": "^0.9.2"
      }
    },
    "node_modules/@swc/helpers": {
      "version": "0.2.14",
      "resolved": "https://registry.npmjs.org/@swc/helpers/-/helpers-0.2.14.tgz",
      "integrity": "sha512-wpCQMhf5p5GhNg2MmGKXzUNwxe7zRiCsmqYsamez2beP7mKPCSiu+BjZcdN95yYSzO857kr0VfQewmGpS77nqA=="
    },
    "node_modules/dropzone": {
      "version": "6.0.0-beta.2",
      "resolved": "https://registry.npmjs.org/dropzone/-/dropzone-6.0.0-beta.2.tgz",
      "integrity": "sha512-k44yLuFFhRk53M8zP71FaaNzJYIzr99SKmpbO/oZKNslDjNXQsBTdfLs+iONd0U0L94zzlFzRnFdqbLcs7h9fQ==",
      "dependencies": {
        "@swc/helpers": "^0.2.13",
        "just-extend": "^5.0.0"
      }
    },
    "node_modules/file-icon-vectors": {
      "version": "1.0.0",
      "resolved": "https://registry.npmjs.org/file-icon-vectors/-/file-icon-vectors-1.0.0.tgz",
      "integrity": "sha512-me+C0t1IU+ggE31CpZNImXID8HV8/eD4eO8go4RwLLZdMaIFr25x23m1xmzYBZH3r/FxyMbbQkD0SNGnRC4meg=="
    },
    "node_modules/just-extend": {
      "version": "5.1.1",
      "resolved": "https://registry.npmjs.org/just-extend/-/just-extend-5.1.1.tgz",
      "integrity": "sha512-b+z6yF1d4EOyDgylzQo5IminlUmzSeqR1hs/bzjBNjuGras4FXq/6TrzjxfN0j+TmI0ltJzTNlqXUMCniciwKQ=="
    },
    "node_modules/summernote-file": {
      "version": "0.0.3",
      "resolved": "https://registry.npmjs.org/summernote-file/-/summernote-file-0.0.3.tgz",
      "integrity": "sha512-dh9hwSXtB1zC+hIRuowQteux7rXJTEywo2x8yrktFoFr0lAO9dyZaBwAg619hvvpYS73djvqyZHcVjbA7ABh4w=="
    },
    "node_modules/treeselectjs": {
      "version": "0.9.2",
      "resolved": "https://registry.npmjs.org/treeselectjs/-/treeselectjs-0.9.2.tgz",
      "integrity": "sha512-tcsjePxoQdC6fL+0IrNeHJEWpk6TOe9iotifUzprb7kjTQIk091pqKqyzQMdYZWJAoMjqSaqcX1pb09RvwkUDw=="
    }
  }
}
