{
  "name": "ArslanProject",
  "lockfileVersion": 3,
  "requires": true,
  "packages": {
    "": {
      "dependencies": {
        "treeselectjs": "^0.9.2"
      }
    },
    "node_modules/treeselectjs": {
      "version": "0.9.2",
      "resolved": "https://registry.npmjs.org/treeselectjs/-/treeselectjs-0.9.2.tgz",
      "integrity": "sha512-tcsjePxoQdC6fL+0IrNeHJEWpk6TOe9iotifUzprb7kjTQIk091pqKqyzQMdYZWJAoMjqSaqcX1pb09RvwkUDw=="
    }
  }
}
