{
  "name": "ArslanProject",
  "lockfileVersion": 3,
  "requires": true,
  "packages": {
    "": {
      "dependencies": {
        "dropzone": "^6.0.0-beta.2",
        "file-icon-vectors": "^1.0.0",
        "online-3d-viewer": "^0.16.0",
        "summernote-file": "^0.0.3",
        "treeselectjs": "^0.9.2"
      }
    },
    "node_modules/@simonwep/pickr": {
      "version": "1.9.0",
      "resolved": "https://registry.npmjs.org/@simonwep/pickr/-/pickr-1.9.0.tgz",
      "integrity": "sha512-oEYvv15PyfZzjoAzvXYt3UyNGwzsrpFxLaZKzkOSd0WYBVwLd19iJerePDONxC1iF6+DpcswPdLIM2KzCJuYFg==",
      "license": "MIT",
      "dependencies": {
        "core-js": "3.32.2",
        "nanopop": "2.3.0"
      }
    },
    "node_modules/@swc/helpers": {
      "version": "0.2.14",
      "resolved": "https://registry.npmjs.org/@swc/helpers/-/helpers-0.2.14.tgz",
      "integrity": "sha512-wpCQMhf5p5GhNg2MmGKXzUNwxe7zRiCsmqYsamez2beP7mKPCSiu+BjZcdN95yYSzO857kr0VfQewmGpS77nqA=="
    },
    "node_modules/core-js": {
      "version": "3.32.2",
      "resolved": "https://registry.npmjs.org/core-js/-/core-js-3.32.2.tgz",
      "integrity": "sha512-pxXSw1mYZPDGvTQqEc5vgIb83jGQKFGYWY76z4a7weZXUolw3G+OvpZqSRcfYOoOVUQJYEPsWeQK8pKEnUtWxQ==",
      "hasInstallScript": true,
      "license": "MIT",
      "funding": {
        "type": "opencollective",
        "url": "https://opencollective.com/core-js"
      }
    },
    "node_modules/dropzone": {
      "version": "6.0.0-beta.2",
      "resolved": "https://registry.npmjs.org/dropzone/-/dropzone-6.0.0-beta.2.tgz",
      "integrity": "sha512-k44yLuFFhRk53M8zP71FaaNzJYIzr99SKmpbO/oZKNslDjNXQsBTdfLs+iONd0U0L94zzlFzRnFdqbLcs7h9fQ==",
      "dependencies": {
        "@swc/helpers": "^0.2.13",
        "just-extend": "^5.0.0"
      }
    },
    "node_modules/fflate": {
      "version": "0.8.2",
      "resolved": "https://registry.npmjs.org/fflate/-/fflate-0.8.2.tgz",
      "integrity": "sha512-cPJU47OaAoCbg0pBvzsgpTPhmhqI5eJjh/JIu8tPj5q+T7iLvW/JAYUqmE7KOB4R1ZyEhzBaIQpQpardBF5z8A==",
      "license": "MIT"
    },
    "node_modules/file-icon-vectors": {
      "version": "1.0.0",
      "resolved": "https://registry.npmjs.org/file-icon-vectors/-/file-icon-vectors-1.0.0.tgz",
      "integrity": "sha512-me+C0t1IU+ggE31CpZNImXID8HV8/eD4eO8go4RwLLZdMaIFr25x23m1xmzYBZH3r/FxyMbbQkD0SNGnRC4meg=="
    },
    "node_modules/just-extend": {
      "version": "5.1.1",
      "resolved": "https://registry.npmjs.org/just-extend/-/just-extend-5.1.1.tgz",
      "integrity": "sha512-b+z6yF1d4EOyDgylzQo5IminlUmzSeqR1hs/bzjBNjuGras4FXq/6TrzjxfN0j+TmI0ltJzTNlqXUMCniciwKQ=="
    },
    "node_modules/nanopop": {
      "version": "2.3.0",
      "resolved": "https://registry.npmjs.org/nanopop/-/nanopop-2.3.0.tgz",
      "integrity": "sha512-fzN+T2K7/Ah25XU02MJkPZ5q4Tj5FpjmIYq4rvoHX4yb16HzFdCO6JxFFn5Y/oBhQ8no8fUZavnyIv9/+xkBBw==",
      "license": "MIT"
    },
    "node_modules/online-3d-viewer": {
      "version": "0.16.0",
      "resolved": "https://registry.npmjs.org/online-3d-viewer/-/online-3d-viewer-0.16.0.tgz",
      "integrity": "sha512-Mcmo41TM3K+svlMDRH8ySKSY2e8s7Sssdb5U9LV3gkFKVWGGuS304Vk5gqxopAJbE72DpsC67Ve3YNtcAuROwQ==",
      "license": "MIT",
      "dependencies": {
        "@simonwep/pickr": "1.9.0",
        "fflate": "0.8.2",
        "three": "0.176.0"
      }
    },
    "node_modules/summernote-file": {
      "version": "0.0.3",
      "resolved": "https://registry.npmjs.org/summernote-file/-/summernote-file-0.0.3.tgz",
      "integrity": "sha512-dh9hwSXtB1zC+hIRuowQteux7rXJTEywo2x8yrktFoFr0lAO9dyZaBwAg619hvvpYS73djvqyZHcVjbA7ABh4w=="
    },
    "node_modules/three": {
      "version": "0.176.0",
      "resolved": "https://registry.npmjs.org/three/-/three-0.176.0.tgz",
      "integrity": "sha512-PWRKYWQo23ojf9oZSlRGH8K09q7nRSWx6LY/HF/UUrMdYgN9i1e2OwJYHoQjwc6HF/4lvvYLC5YC1X8UJL2ZpA==",
      "license": "MIT"
    },
    "node_modules/treeselectjs": {
      "version": "0.9.2",
      "resolved": "https://registry.npmjs.org/treeselectjs/-/treeselectjs-0.9.2.tgz",
      "integrity": "sha512-tcsjePxoQdC6fL+0IrNeHJEWpk6TOe9iotifUzprb7kjTQIk091pqKqyzQMdYZWJAoMjqSaqcX1pb09RvwkUDw=="
    }
  }
}
